
Microsoft Visual Studio Solution File, Format Version 12.00
# Visual Studio Version 17
VisualStudioVersion = 17.12.35527.113
MinimumVisualStudioVersion = 10.0.40219.1
Project("{FAE04EC0-301F-11D3-BF4B-00C04F79EFBC}") = "Demo01_ClassProp", "Demo01_ClassProp\Demo01_ClassProp.csproj", "{37261B06-F964-421B-AE54-99B8A40CDDF8}"
EndProject
Project("{FAE04EC0-301F-11D3-BF4B-00C04F79EFBC}") = "Demo02_Indexeurs", "Demo02_Indexeurs\Demo02_Indexeurs.csproj", "{84E75208-1950-45CE-8A1E-1252AD0A7435}"
EndProject
Project("{FAE04EC0-301F-11D3-BF4B-00C04F79EFBC}") = "Demo03_Surcharge_Operateurs", "Demo03_Surcharge_Operateurs\Demo03_Surcharge_Operateurs.csproj", "{90F3C6FE-9AD6-46D9-A10C-7C540EE5673A}"
EndProject
Project("{FAE04EC0-301F-11D3-BF4B-00C04F79EFBC}") = "Demo04_Heritage", "Demo04_Heritage\Demo04_Heritage.csproj", "{221565CA-2209-4B44-B77A-7B9A8F34679C}"
EndProject
Project("{FAE04EC0-301F-11D3-BF4B-00C04F79EFBC}") = "Demo04b_Abstract", "Demo04b_Abstract\Demo04b_Abstract.csproj", "{31EF855E-7C8A-4204-9448-85815EAC3BCD}"
EndProject
Project("{FAE04EC0-301F-11D3-BF4B-00C04F79EFBC}") = "Demo05_Static", "Demo05_Static\Demo05_Static.csproj", "{959758E0-8726-47F2-B2CA-8823A36741F1}"
EndProject
Project("{FAE04EC0-301F-11D3-BF4B-00C04F79EFBC}") = "Demo06_Interfaces", "Demo06_Interfaces\Demo06_Interfaces.csproj", "{8F1EBA2A-0AA5-4CCE-8918-A5301471B73E}"
EndProject
Project("{FAE04EC0-301F-11D3-BF4B-00C04F79EFBC}") = "Demo07_Constructeurs_Destructeurs", "Demo07_Constructeurs_Destructeurs\Demo07_Constructeurs_Destructeurs.csproj", "{5E4F3E84-BFFA-4510-B766-29EF961B4E91}"
EndProject
Global
	GlobalSection(SolutionConfigurationPlatforms) = preSolution
		Debug|Any CPU = Debug|Any CPU
		Release|Any CPU = Release|Any CPU
	EndGlobalSection
	GlobalSection(ProjectConfigurationPlatforms) = postSolution
		{37261B06-F964-421B-AE54-99B8A40CDDF8}.Debug|Any CPU.ActiveCfg = Debug|Any CPU
		{37261B06-F964-421B-AE54-99B8A40CDDF8}.Debug|Any CPU.Build.0 = Debug|Any CPU
		{37261B06-F964-421B-AE54-99B8A40CDDF8}.Release|Any CPU.ActiveCfg = Release|Any CPU
		{37261B06-F964-421B-AE54-99B8A40CDDF8}.Release|Any CPU.Build.0 = Release|Any CPU
		{84E75208-1950-45CE-8A1E-1252AD0A7435}.Debug|Any CPU.ActiveCfg = Debug|Any CPU
		{84E75208-1950-45CE-8A1E-1252AD0A7435}.Debug|Any CPU.Build.0 = Debug|Any CPU
		{84E75208-1950-45CE-8A1E-1252AD0A7435}.Release|Any CPU.ActiveCfg = Release|Any CPU
		{84E75208-1950-45CE-8A1E-1252AD0A7435}.Release|Any CPU.Build.0 = Release|Any CPU
		{90F3C6FE-9AD6-46D9-A10C-7C540EE5673A}.Debug|Any CPU.ActiveCfg = Debug|Any CPU
		{90F3C6FE-9AD6-46D9-A10C-7C540EE5673A}.Debug|Any CPU.Build.0 = Debug|Any CPU
		{90F3C6FE-9AD6-46D9-A10C-7C540EE5673A}.Release|Any CPU.ActiveCfg = Release|Any CPU
		{90F3C6FE-9AD6-46D9-A10C-7C540EE5673A}.Release|Any CPU.Build.0 = Release|Any CPU
		{221565CA-2209-4B44-B77A-7B9A8F34679C}.Debug|Any CPU.ActiveCfg = Debug|Any CPU
		{221565CA-2209-4B44-B77A-7B9A8F34679C}.Debug|Any CPU.Build.0 = Debug|Any CPU
		{221565CA-2209-4B44-B77A-7B9A8F34679C}.Release|Any CPU.ActiveCfg = Release|Any CPU
		{221565CA-2209-4B44-B77A-7B9A8F34679C}.Release|Any CPU.Build.0 = Release|Any CPU
		{31EF855E-7C8A-4204-9448-85815EAC3BCD}.Debug|Any CPU.ActiveCfg = Debug|Any CPU
		{31EF855E-7C8A-4204-9448-85815EAC3BCD}.Debug|Any CPU.Build.0 = Debug|Any CPU
		{31EF855E-7C8A-4204-9448-85815EAC3BCD}.Release|Any CPU.ActiveCfg = Release|Any CPU
		{31EF855E-7C8A-4204-9448-85815EAC3BCD}.Release|Any CPU.Build.0 = Release|Any CPU
		{959758E0-8726-47F2-B2CA-8823A36741F1}.Debug|Any CPU.ActiveCfg = Debug|Any CPU
		{959758E0-8726-47F2-B2CA-8823A36741F1}.Debug|Any CPU.Build.0 = Debug|Any CPU
		{959758E0-8726-47F2-B2CA-8823A36741F1}.Release|Any CPU.ActiveCfg = Release|Any CPU
		{959758E0-8726-47F2-B2CA-8823A36741F1}.Release|Any CPU.Build.0 = Release|Any CPU
		{8F1EBA2A-0AA5-4CCE-8918-A5301471B73E}.Debug|Any CPU.ActiveCfg = Debug|Any CPU
		{8F1EBA2A-0AA5-4CCE-8918-A5301471B73E}.Debug|Any CPU.Build.0 = Debug|Any CPU
		{8F1EBA2A-0AA5-4CCE-8918-A5301471B73E}.Release|Any CPU.ActiveCfg = Release|Any CPU
		{8F1EBA2A-0AA5-4CCE-8918-A5301471B73E}.Release|Any CPU.Build.0 = Release|Any CPU
		{5E4F3E84-BFFA-4510-B766-29EF961B4E91}.Debug|Any CPU.ActiveCfg = Debug|Any CPU
		{5E4F3E84-BFFA-4510-B766-29EF961B4E91}.Debug|Any CPU.Build.0 = Debug|Any CPU
		{5E4F3E84-BFFA-4510-B766-29EF961B4E91}.Release|Any CPU.ActiveCfg = Release|Any CPU
		{5E4F3E84-BFFA-4510-B766-29EF961B4E91}.Release|Any CPU.Build.0 = Release|Any CPU
	EndGlobalSection
	GlobalSection(SolutionProperties) = preSolution
		HideSolutionNode = FALSE
	EndGlobalSection
EndGlobal
